
Microsoft Visual Studio Solution File, Format Version 12.00
# Visual Studio Version 17
VisualStudioVersion = 17.3.32811.315
MinimumVisualStudioVersion = 10.0.40219.1
Project("{9A19103F-16F7-4668-BE54-9A1E7A4F7556}") = "LeaveManagement.Web", "LeaveManagement.Web\LeaveManagement.Web.csproj", "{D342E4F9-0B62-42D3-BE56-2838D1586233}"
EndProject
Project("{FAE04EC0-301F-11D3-BF4B-00C04F79EFBC}") = "LeaveManagement.Data", "LeaveManagement.Data\LeaveManagement.Data.csproj", "{F20E90D5-23F8-45CC-B5F9-41B6BC069E1E}"
EndProject
Global
	GlobalSection(SolutionConfigurationPlatforms) = preSolution
		Debug|Any CPU = Debug|Any CPU
		Release|Any CPU = Release|Any CPU
	EndGlobalSection
	GlobalSection(ProjectConfigurationPlatforms) = postSolution
		{D342E4F9-0B62-42D3-BE56-2838D1586233}.Debug|Any CPU.ActiveCfg = Debug|Any CPU
		{D342E4F9-0B62-42D3-BE56-2838D1586233}.Debug|Any CPU.Build.0 = Debug|Any CPU
		{D342E4F9-0B62-42D3-BE56-2838D1586233}.Release|Any CPU.ActiveCfg = Release|Any CPU
		{D342E4F9-0B62-42D3-BE56-2838D1586233}.Release|Any CPU.Build.0 = Release|Any CPU
		{F20E90D5-23F8-45CC-B5F9-41B6BC069E1E}.Debug|Any CPU.ActiveCfg = Debug|Any CPU
		{F20E90D5-23F8-45CC-B5F9-41B6BC069E1E}.Debug|Any CPU.Build.0 = Debug|Any CPU
		{F20E90D5-23F8-45CC-B5F9-41B6BC069E1E}.Release|Any CPU.ActiveCfg = Release|Any CPU
		{F20E90D5-23F8-45CC-B5F9-41B6BC069E1E}.Release|Any CPU.Build.0 = Release|Any CPU
	EndGlobalSection
	GlobalSection(SolutionProperties) = preSolution
		HideSolutionNode = FALSE
	EndGlobalSection
	GlobalSection(ExtensibilityGlobals) = postSolution
		SolutionGuid = {14C8AF9B-B7BC-46B5-9480-E591F1B469AA}
	EndGlobalSection
EndGlobal
